<?xml version="1.0" encoding="utf-8"?>
<Project ToolsVersion="4.0" xmlns="http://schemas.microsoft.com/developer/msbuild/2003">
  <ItemGroup>
    <Filter Include="ソース ファイル">
      <UniqueIdentifier>{4FC737F1-C7A5-4376-A066-2A32D752A2FF}</UniqueIdentifier>
      <Extensions>cpp;c;cc;cxx;c++;cppm;ixx;def;odl;idl;hpj;bat;asm;asmx</Extensions>
    </Filter>
    <Filter Include="ヘッダー ファイル">
      <UniqueIdentifier>{93995380-89BD-4b04-88EB-625FBE52EBFB}</UniqueIdentifier>
      <Extensions>h;hh;hpp;hxx;h++;hm;inl;inc;ipp;xsd</Extensions>
    </Filter>
    <Filter Include="リソース ファイル">
      <UniqueIdentifier>{67DA6AB6-F800-4c08-8B7A-83BB121AAD01}</UniqueIdentifier>
      <Extensions>rc;ico;cur;bmp;dlg;rc2;rct;bin;rgs;gif;jpg;jpeg;jpe;resx;tiff;tif;png;wav;mfcribbon-ms</Extensions>
    </Filter>
    <Filter Include="engine">
      <UniqueIdentifier>{3c73d613-c635-4919-a08d-bf6252a7fc44}</UniqueIdentifier>
    </Filter>
    <Filter Include="engine\Utilities">
      <UniqueIdentifier>{25a66c38-75c8-4dae-8e78-1d7b5c01cf2e}</UniqueIdentifier>
    </Filter>
    <Filter Include="engine\Utilities\Easings">
      <UniqueIdentifier>{5ce197b2-ab89-4348-961a-ba97c01444f9}</UniqueIdentifier>
    </Filter>
    <Filter Include="engine\Utilities\functions">
      <UniqueIdentifier>{d4ba2a51-2d9b-4adf-b9e8-66fd5ef268cf}</UniqueIdentifier>
    </Filter>
    <Filter Include="engine\WindowManager">
      <UniqueIdentifier>{a6f0f6c9-5841-4611-a8f4-25d2974af7b1}</UniqueIdentifier>
    </Filter>
    <Filter Include="engine\input">
      <UniqueIdentifier>{debd2fd4-6801-480a-97ea-81cb1b63a910}</UniqueIdentifier>
    </Filter>
    <Filter Include="engine\input\MouseController">
      <UniqueIdentifier>{2dff2682-3b8b-491d-96a6-d1df4709d6a1}</UniqueIdentifier>
    </Filter>
    <Filter Include="engine\input\GetHitKey">
      <UniqueIdentifier>{aa632014-e276-40cd-b8d2-109d728ee4ef}</UniqueIdentifier>
    </Filter>
    <Filter Include="engine\input\GetPadState">
      <UniqueIdentifier>{6cdbe87c-683b-4dee-b8c3-f22dd1b10c44}</UniqueIdentifier>
    </Filter>
    <Filter Include="engine\imgui">
      <UniqueIdentifier>{de365176-a23e-4aa1-b692-75dc75ada7eb}</UniqueIdentifier>
    </Filter>
    <Filter Include="engine\DirectXManager">
      <UniqueIdentifier>{22ffd2e0-0bae-47c8-b104-4729f9332def}</UniqueIdentifier>
    </Filter>
    <Filter Include="engine\DirectXManager\DeviceManager">
      <UniqueIdentifier>{4ba5f70c-f353-4256-9a1e-edf4997f4439}</UniqueIdentifier>
    </Filter>
    <Filter Include="engine\DirectXManager\CommandContextManager">
      <UniqueIdentifier>{54925815-6ffb-4240-be73-f394010b765b}</UniqueIdentifier>
    </Filter>
    <Filter Include="engine\DirectXManager\SwapChainManager">
      <UniqueIdentifier>{56021724-6ea3-49c5-be4a-63c96ae01e72}</UniqueIdentifier>
    </Filter>
    <Filter Include="engine\DirectXManager\DepthStencilManager">
      <UniqueIdentifier>{d1b66a19-8be3-4ce5-81e5-1cc183c0b2d4}</UniqueIdentifier>
    </Filter>
    <Filter Include="engine\DirectXManager\PipelineStateManager">
      <UniqueIdentifier>{6dd3f47c-5319-43a0-bb64-8153594849a6}</UniqueIdentifier>
    </Filter>
    <Filter Include="engine\DirectXManager\DescriptorHeapManager">
      <UniqueIdentifier>{3d34e5a9-1927-43e1-831c-2a1090e84234}</UniqueIdentifier>
    </Filter>
    <Filter Include="engine\DirectXManager\SynchronizationManager">
      <UniqueIdentifier>{fea8c078-7dcd-4f48-b566-efea0a565046}</UniqueIdentifier>
    </Filter>
    <Filter Include="engine\DirectXManager\ViewportScissorManager">
      <UniqueIdentifier>{ac55dbcf-ddc4-45ce-9371-582fc7ac92a3}</UniqueIdentifier>
    </Filter>
    <Filter Include="engine\definition">
      <UniqueIdentifier>{2d11e023-36d8-40a2-a5cd-ac9aef762785}</UniqueIdentifier>
    </Filter>
    <Filter Include="application">
      <UniqueIdentifier>{32561114-f9f1-4f0a-8e1e-73b39cad400b}</UniqueIdentifier>
    </Filter>
    <Filter Include="application\GameManeger">
      <UniqueIdentifier>{be7b0085-0de3-4d37-bc83-670da58a57b2}</UniqueIdentifier>
    </Filter>
    <Filter Include="engine\Shader">
      <UniqueIdentifier>{ba7941ee-22c3-46d9-992c-a964b12ce9d2}</UniqueIdentifier>
    </Filter>
    <Filter Include="engine\Shader\Line">
      <UniqueIdentifier>{5e4c47d4-804a-4d92-bee3-dc922fa94409}</UniqueIdentifier>
    </Filter>
    <Filter Include="engine\Shader\Object3d">
      <UniqueIdentifier>{5eb0e5b9-a5a2-4336-a11f-93bd4a329ee2}</UniqueIdentifier>
    </Filter>
    <Filter Include="engine\Shader\Particle">
      <UniqueIdentifier>{cb625b4a-e4fc-4a27-ba56-21e5c5776d36}</UniqueIdentifier>
    </Filter>
    <Filter Include="engine\ResourceManager">
      <UniqueIdentifier>{43c00ddd-45c1-4e1c-be41-8ad55ac6082e}</UniqueIdentifier>
    </Filter>
    <Filter Include="engine\ResourceManager\AudioManager">
      <UniqueIdentifier>{d6981e3b-9d2e-4acf-aaf3-0a1a631f2860}</UniqueIdentifier>
    </Filter>
    <Filter Include="engine\ResourceManager\ModelManager">
      <UniqueIdentifier>{d4effc7f-c81e-44f4-90f2-167be6354b4c}</UniqueIdentifier>
    </Filter>
    <Filter Include="engine\ResourceManager\TextureManager">
      <UniqueIdentifier>{5ac7ac8c-cfc8-4b8e-80bf-d8b5369d0613}</UniqueIdentifier>
    </Filter>
    <Filter Include="application\GameManeger\Phase">
      <UniqueIdentifier>{e81b7604-cb9c-4ea4-9294-38c65d0c2c9a}</UniqueIdentifier>
    </Filter>
    <Filter Include="application\GameManeger\Phase\BattlePhase">
      <UniqueIdentifier>{4981549d-8a7a-45c3-af1b-6be7c79803f5}</UniqueIdentifier>
    </Filter>
    <Filter Include="application\GameManeger\Phase\PhaseParent">
      <UniqueIdentifier>{0e641bc6-709a-4dc4-b0e7-deb84efc8c1b}</UniqueIdentifier>
    </Filter>
    <Filter Include="application\GameManeger\Phase\TestPhase">
      <UniqueIdentifier>{86bff4f6-f2b3-4425-a46e-802f7182bacd}</UniqueIdentifier>
    </Filter>
    <Filter Include="application\GameManeger\Phase\TitlePhase">
      <UniqueIdentifier>{194b88de-4e02-404e-8a08-59bdab644321}</UniqueIdentifier>
    </Filter>
    <Filter Include="application\GameManeger\Phase\GameScenePhase">
      <UniqueIdentifier>{187336b4-48e9-448a-a699-e7a55fb56ae1}</UniqueIdentifier>
    </Filter>
    <Filter Include="engine\FixFPS">
      <UniqueIdentifier>{8ed84834-c43a-4dda-a3bf-3b95cd1b75fd}</UniqueIdentifier>
    </Filter>
    <Filter Include="engine\Utilities\Json">
      <UniqueIdentifier>{2c7c8756-3efa-42f1-99a8-61e1c4ba9f9f}</UniqueIdentifier>
    </Filter>
    <Filter Include="engine\Camera">
      <UniqueIdentifier>{8119ccfa-d6ad-4af0-83e5-034de74534f5}</UniqueIdentifier>
    </Filter>
    <Filter Include="engine\Camera\CameraManager">
      <UniqueIdentifier>{70066dff-cc45-4252-961b-65ce53332d25}</UniqueIdentifier>
    </Filter>
    <Filter Include="engine\Camera\Camera">
      <UniqueIdentifier>{ad6f796a-aea3-44b4-a3d3-e541536d2168}</UniqueIdentifier>
    </Filter>
    <Filter Include="engine\DirectXManager\SrvManager">
      <UniqueIdentifier>{09ce842d-ba2c-47b3-8c1a-fcc0da694c8b}</UniqueIdentifier>
    </Filter>
    <Filter Include="application\GameManeger\Player">
      <UniqueIdentifier>{6a027008-0c2c-4e83-a548-37aff76f8489}</UniqueIdentifier>
    </Filter>
    <Filter Include="application\GameManeger\Map">
      <UniqueIdentifier>{28f4b7c8-cecf-4edc-a2e3-2071fd41f5b6}</UniqueIdentifier>
    </Filter>
    <Filter Include="application\GameManeger\FPSCamera">
      <UniqueIdentifier>{1918b075-c41b-42c8-91e9-b063504be710}</UniqueIdentifier>
    </Filter>
    <Filter Include="application\GameManeger\DropItem">
      <UniqueIdentifier>{dbf079b1-300b-4849-979f-d718265501b7}</UniqueIdentifier>
    </Filter>
    <Filter Include="application\GameManeger\Itemslot">
      <UniqueIdentifier>{ecf68cbe-9dbb-430c-a41d-ee450f3cf38a}</UniqueIdentifier>
    </Filter>
    <Filter Include="engine\Facade">
      <UniqueIdentifier>{24c1e14d-3c15-48b9-9b53-6d5405a3ce02}</UniqueIdentifier>
    </Filter>
    <Filter Include="engine\Shader\Block">
      <UniqueIdentifier>{4af80ac8-f820-4247-b010-9c9144ea5715}</UniqueIdentifier>
    </Filter>
    <Filter Include="application\GameManeger\Map\Block">
      <UniqueIdentifier>{1914304b-d65c-4d83-8e80-cd43ac14c5e2}</UniqueIdentifier>
    </Filter>
    <Filter Include="engine\DrawSystem">
      <UniqueIdentifier>{c33b27c6-9c84-4600-b956-0acdc8f3c453}</UniqueIdentifier>
    </Filter>
    <Filter Include="engine\DrawSystem\RenderDataClass">
      <UniqueIdentifier>{7d8d53d3-04c0-4caa-ac10-735e5054f1f5}</UniqueIdentifier>
    </Filter>
  </ItemGroup>
  <ItemGroup>
    <ClCompile Include="main.cpp">
      <Filter>ソース ファイル</Filter>
    </ClCompile>
    <ClCompile Include="src\engine\DirectX\CommandContextManager.cpp">
      <Filter>engine\DirectXManager\CommandContextManager</Filter>
    </ClCompile>
    <ClCompile Include="src\engine\DirectX\DepthStencilManager.cpp">
      <Filter>engine\DirectXManager\DepthStencilManager</Filter>
    </ClCompile>
    <ClCompile Include="src\engine\DirectX\DescriptorHeapManager.cpp">
      <Filter>engine\DirectXManager\DescriptorHeapManager</Filter>
    </ClCompile>
    <ClCompile Include="src\engine\DirectX\DeviceManager.cpp">
      <Filter>engine\DirectXManager\DeviceManager</Filter>
    </ClCompile>
    <ClCompile Include="src\engine\DirectX\DirectXManager.cpp">
      <Filter>engine\DirectXManager</Filter>
    </ClCompile>
    <ClCompile Include="src\engine\DirectX\PipelineStateManager.cpp">
      <Filter>engine\DirectXManager\PipelineStateManager</Filter>
    </ClCompile>
    <ClCompile Include="src\engine\DirectX\SwapChainManager.cpp">
      <Filter>engine\DirectXManager\SwapChainManager</Filter>
    </ClCompile>
    <ClCompile Include="src\engine\DirectX\SynchronizationManager.cpp">
      <Filter>engine\DirectXManager\SynchronizationManager</Filter>
    </ClCompile>
    <ClCompile Include="src\engine\DirectX\ViewportScissorManager.cpp">
      <Filter>engine\DirectXManager\ViewportScissorManager</Filter>
    </ClCompile>
    <ClCompile Include="src\application\GameManager\GameManager.cpp">
      <Filter>application\GameManeger</Filter>
    </ClCompile>
    <ClCompile Include="src\engine\Resource\Audio\AudioManager.cpp">
      <Filter>engine\ResourceManager\AudioManager</Filter>
    </ClCompile>
    <ClCompile Include="src\engine\Resource\Model\ModelManager.cpp">
      <Filter>engine\ResourceManager\ModelManager</Filter>
    </ClCompile>
    <ClCompile Include="src\engine\Resource\Texture\TextureManager.cpp">
      <Filter>engine\ResourceManager\TextureManager</Filter>
    </ClCompile>
    <ClCompile Include="src\engine\Resource\ResourceManager.cpp">
      <Filter>engine\ResourceManager</Filter>
    </ClCompile>
    <ClCompile Include="src\engine\input\GetHitKey.cpp">
      <Filter>engine\input\GetHitKey</Filter>
    </ClCompile>
    <ClCompile Include="src\engine\input\Input.cpp">
      <Filter>engine\input</Filter>
    </ClCompile>
    <ClCompile Include="src\engine\input\MouseController.cpp">
      <Filter>engine\input\MouseController</Filter>
    </ClCompile>
    <ClCompile Include="src\engine\input\GetPadState.cpp">
      <Filter>engine\input\GetPadState</Filter>
    </ClCompile>
    <ClCompile Include="src\engine\DrawSystem\DrawSystem.cpp">
      <Filter>engine\DrawSystem</Filter>
    </ClCompile>
    <ClCompile Include="src\engine\Utilities\functions.cpp">
      <Filter>engine\Utilities\functions</Filter>
    </ClCompile>
    <ClCompile Include="src\engine\Utilities\Easings.cpp">
      <Filter>engine\Utilities\Easings</Filter>
    </ClCompile>
    <ClCompile Include="src\engine\definition\definition.cpp">
      <Filter>engine\definition</Filter>
    </ClCompile>
    <ClCompile Include="src\engine\Facade\Game.cpp">
      <Filter>engine\Facade</Filter>
    </ClCompile>
    <ClCompile Include="src\engine\Window\WindowManager.cpp">
      <Filter>engine\WindowManager</Filter>
    </ClCompile>
    <ClCompile Include="src\application\Phase\BattlePhase\BattlePhase.cpp">
      <Filter>application\GameManeger\Phase\BattlePhase</Filter>
    </ClCompile>
    <ClCompile Include="src\application\Phase\PhaseParent\PhaseParent.cpp">
      <Filter>application\GameManeger\Phase\PhaseParent</Filter>
    </ClCompile>
    <ClCompile Include="src\application\Phase\TestPhase\TestPhase.cpp">
      <Filter>application\GameManeger\Phase\TestPhase</Filter>
    </ClCompile>
    <ClCompile Include="src\application\Phase\TitlePhase\TitlePhase.cpp">
      <Filter>application\GameManeger\Phase\TitlePhase</Filter>
    </ClCompile>
    <ClCompile Include="src\application\Phase\GameScenePhase\GameScenePhase.cpp">
      <Filter>application\GameManeger\Phase\GameScenePhase</Filter>
    </ClCompile>
    <ClCompile Include="src\engine\DrawSystem\RenderData\RenderData.cpp">
      <Filter>engine\DrawSystem\RenderDataClass</Filter>
    </ClCompile>
    <ClCompile Include="src\engine\FixFPS\FixFPS.cpp">
      <Filter>engine\FixFPS</Filter>
    </ClCompile>
    <ClCompile Include="src\engine\Utilities\JsonManager.cpp">
      <Filter>engine\Utilities\Json</Filter>
    </ClCompile>
    <ClCompile Include="src\engine\Camera\CameraManager.cpp">
      <Filter>engine\Camera\CameraManager</Filter>
    </ClCompile>
    <ClCompile Include="src\engine\Camera\Camera.cpp">
      <Filter>engine\Camera\Camera</Filter>
    </ClCompile>
    <ClCompile Include="src\engine\DirectX\SrvManager.cpp">
      <Filter>engine\DirectXManager\SrvManager</Filter>
    </ClCompile>
    <ClCompile Include="src\application\PerlinNoise.cpp">
      <Filter>ソース ファイル</Filter>
    </ClCompile>
    <ClCompile Include="src\application\Block\Block.cpp">
      <Filter>application\GameManeger\Map\Block</Filter>
    </ClCompile>
    <ClCompile Include="src\application\MapManager.cpp">
      <Filter>application\GameManeger\Map</Filter>
    </ClCompile>
    <ClCompile Include="src\application\FPSCamera.cpp">
      <Filter>application\GameManeger\FPSCamera</Filter>
    </ClCompile>
    <ClCompile Include="src\application\Player.cpp">
      <Filter>application\GameManeger\Player</Filter>
    </ClCompile>
    <ClCompile Include="src\application\DropItem.cpp">
      <Filter>application\GameManeger\DropItem</Filter>
    </ClCompile>
    <ClCompile Include="src\application\Itemslot.cpp">
      <Filter>application\GameManeger\Itemslot</Filter>
    </ClCompile>
    <ClCompile Include="src\engine\Engine.cpp">
      <Filter>engine</Filter>
    </ClCompile>
    <ClCompile Include="src\engine\ImGuiManager\ImGuiManager.cpp">
      <Filter>engine\imgui</Filter>
    </ClCompile>
    <ClCompile Include="src\application\Block\BlockDurability.cpp">
      <Filter>application\GameManeger\Map\Block</Filter>
    </ClCompile>
    <ClCompile Include="src\application\ResourceLoder\ResourceID.cpp">
      <Filter>application</Filter>
    </ClCompile>
    <ClCompile Include="src\application\Block\BlockConfig.cpp">
      <Filter>ソース ファイル</Filter>
    </ClCompile>
  </ItemGroup>
  <ItemGroup>
    <ClInclude Include="src\engine\DirectX\CommandContextManager.h">
      <Filter>engine\DirectXManager\CommandContextManager</Filter>
    </ClInclude>
    <ClInclude Include="src\engine\DirectX\DepthStencilManager.h">
      <Filter>engine\DirectXManager\DepthStencilManager</Filter>
    </ClInclude>
    <ClInclude Include="src\engine\DirectX\DescriptorHeapManager.h">
      <Filter>engine\DirectXManager\DescriptorHeapManager</Filter>
    </ClInclude>
    <ClInclude Include="src\engine\DirectX\DeviceManager.h">
      <Filter>engine\DirectXManager\DeviceManager</Filter>
    </ClInclude>
    <ClInclude Include="src\engine\DirectX\DirectXManager.h">
      <Filter>engine\DirectXManager</Filter>
    </ClInclude>
    <ClInclude Include="src\engine\DirectX\PipelineStateManager.h">
      <Filter>engine\DirectXManager\PipelineStateManager</Filter>
    </ClInclude>
    <ClInclude Include="src\engine\DirectX\SwapChainManager.h">
      <Filter>engine\DirectXManager\SwapChainManager</Filter>
    </ClInclude>
    <ClInclude Include="src\engine\DirectX\SynchronizationManager.h">
      <Filter>engine\DirectXManager\SynchronizationManager</Filter>
    </ClInclude>
    <ClInclude Include="src\engine\DirectX\ViewportScissorManager.h">
      <Filter>engine\DirectXManager\ViewportScissorManager</Filter>
    </ClInclude>
    <ClInclude Include="src\application\GameManager\GameManager.h">
      <Filter>application\GameManeger</Filter>
    </ClInclude>
    <ClInclude Include="src\engine\Resource\Audio\AudioManager.h">
      <Filter>engine\ResourceManager\AudioManager</Filter>
    </ClInclude>
    <ClInclude Include="src\engine\Resource\Model\ModelManager.h">
      <Filter>engine\ResourceManager\ModelManager</Filter>
    </ClInclude>
    <ClInclude Include="src\engine\Resource\ResourceManager.h">
      <Filter>engine\ResourceManager</Filter>
    </ClInclude>
    <ClInclude Include="src\engine\Resource\Texture\TextureManager.h">
      <Filter>engine\ResourceManager\TextureManager</Filter>
    </ClInclude>
    <ClInclude Include="src\engine\input\Input.h">
      <Filter>engine\input</Filter>
    </ClInclude>
    <ClInclude Include="src\engine\input\GetHitKey.h">
      <Filter>engine\input\GetHitKey</Filter>
    </ClInclude>
    <ClInclude Include="src\engine\input\GetPadState.h">
      <Filter>engine\input\GetPadState</Filter>
    </ClInclude>
    <ClInclude Include="src\engine\input\MouseController.h">
      <Filter>engine\input\MouseController</Filter>
    </ClInclude>
    <ClInclude Include="src\engine\DrawSystem\DrawSystem.h">
      <Filter>engine\DrawSystem</Filter>
    </ClInclude>
    <ClInclude Include="src\engine\Utilities\Easings.h">
      <Filter>engine\Utilities\Easings</Filter>
    </ClInclude>
    <ClInclude Include="src\engine\Utilities\functions.h">
      <Filter>engine\Utilities\functions</Filter>
    </ClInclude>
    <ClInclude Include="src\engine\definition\definition.h">
      <Filter>engine\definition</Filter>
    </ClInclude>
    <ClInclude Include="src\engine\Facade\Game.h">
      <Filter>engine\Facade</Filter>
    </ClInclude>
    <ClInclude Include="src\engine\Window\WindowManager.h">
      <Filter>engine\WindowManager</Filter>
    </ClInclude>
    <ClInclude Include="src\application\Phase\BattlePhase\BattlePhase.h">
      <Filter>application\GameManeger\Phase\BattlePhase</Filter>
    </ClInclude>
    <ClInclude Include="src\application\Phase\PhaseParent\PhaseParent.h">
      <Filter>application\GameManeger\Phase\PhaseParent</Filter>
    </ClInclude>
    <ClInclude Include="src\application\Phase\TestPhase\TestPhase.h">
      <Filter>application\GameManeger\Phase\TestPhase</Filter>
    </ClInclude>
    <ClInclude Include="src\application\Phase\TitlePhase\TitlePhase.h">
      <Filter>application\GameManeger\Phase\TitlePhase</Filter>
    </ClInclude>
    <ClInclude Include="src\application\Phase\GameScenePhase\GameScenePhase.h">
      <Filter>application\GameManeger\Phase\GameScenePhase</Filter>
    </ClInclude>
    <ClInclude Include="src\engine\DrawSystem\RenderData\RenderData.h">
      <Filter>engine\DrawSystem\RenderDataClass</Filter>
    </ClInclude>
    <ClInclude Include="src\engine\FixFPS\FixFPS.h">
      <Filter>engine\FixFPS</Filter>
    </ClInclude>
    <ClInclude Include="src\engine\Utilities\JsonManager.h">
      <Filter>engine\Utilities\Json</Filter>
    </ClInclude>
    <ClInclude Include="src\engine\Camera\CameraManager.h">
      <Filter>engine\Camera\CameraManager</Filter>
    </ClInclude>
    <ClInclude Include="src\engine\Camera\Camera.h">
      <Filter>engine\Camera\Camera</Filter>
    </ClInclude>
    <ClInclude Include="src\engine\DirectX\SrvManager.h">
      <Filter>engine\DirectXManager\SrvManager</Filter>
    </ClInclude>
    <ClInclude Include="src\application\PerlinNoise.h">
      <Filter>ヘッダー ファイル</Filter>
    </ClInclude>
    <ClInclude Include="src\application\Block\Block.h">
      <Filter>application\GameManeger\Map\Block</Filter>
    </ClInclude>
    <ClInclude Include="src\application\FPSCamera.h">
      <Filter>application\GameManeger\FPSCamera</Filter>
    </ClInclude>
    <ClInclude Include="src\application\MapManager.h">
      <Filter>application\GameManeger\Map</Filter>
    </ClInclude>
    <ClInclude Include="src\application\Player.h">
      <Filter>application\GameManeger\Player</Filter>
    </ClInclude>
    <ClInclude Include="src\application\DropItem.h">
      <Filter>application\GameManeger\DropItem</Filter>
    </ClInclude>
    <ClInclude Include="src\application\Itemslot.h">
      <Filter>application\GameManeger\Itemslot</Filter>
    </ClInclude>
    <ClInclude Include="src\engine\Engine.h">
      <Filter>engine</Filter>
    </ClInclude>
    <ClInclude Include="src\engine\ImGuiManager\ImGuiManager.h">
      <Filter>engine\imgui</Filter>
    </ClInclude>
    <ClInclude Include="src\application\Block\BlockDurability.h">
      <Filter>application\GameManeger\Map\Block</Filter>
    </ClInclude>
    <ClInclude Include="src\application\ResourceLoder\ResourceID.h">
      <Filter>application</Filter>
    </ClInclude>
    <ClInclude Include="src\application\Block\BlockConfig.h">
      <Filter>ヘッダー ファイル</Filter>
    </ClInclude>
  </ItemGroup>
  <ItemGroup>
    <Text Include="externals\imgui\LICENSE.txt">
      <Filter>engine\imgui</Filter>
    </Text>
  </ItemGroup>
  <ItemGroup>
    <FxCompile Include="resources\Shaders\Line.PS.hlsl">
      <Filter>engine\Shader\Line</Filter>
    </FxCompile>
    <FxCompile Include="resources\Shaders\Line.VS.hlsl">
      <Filter>engine\Shader\Line</Filter>
    </FxCompile>
    <FxCompile Include="resources\Shaders\Object3d.VS.hlsl">
      <Filter>engine\Shader\Object3d</Filter>
    </FxCompile>
    <FxCompile Include="resources\Shaders\Particle.PS.hlsl">
      <Filter>engine\Shader\Particle</Filter>
    </FxCompile>
    <FxCompile Include="resources\Shaders\Particle.VS.hlsl">
      <Filter>engine\Shader\Particle</Filter>
    </FxCompile>
    <FxCompile Include="resources\Shaders\Object3d.PS.hlsl">
      <Filter>engine\Shader\Object3d</Filter>
    </FxCompile>
    <FxCompile Include="resources\Shaders\Block.VS.hlsl">
      <Filter>engine\Shader\Block</Filter>
    </FxCompile>
    <FxCompile Include="resources\Shaders\Block.PS.hlsl">
      <Filter>engine\Shader\Block</Filter>
    </FxCompile>
  </ItemGroup>
  <ItemGroup>
    <None Include="resources\Shaders\Line.hlsli">
      <Filter>engine\Shader\Line</Filter>
    </None>
    <None Include="resources\Shaders\Object3d.hlsli">
      <Filter>engine\Shader\Object3d</Filter>
    </None>
    <None Include="resources\Shaders\Particle.hlsli">
      <Filter>engine\Shader\Particle</Filter>
    </None>
    <None Include="resources\Shaders\Block.hlsli">
      <Filter>engine\Shader\Block</Filter>
    </None>
  </ItemGroup>
</Project>