<?xml version="1.0" encoding="utf-8"?>
<Project ToolsVersion="4.0" xmlns="http://schemas.microsoft.com/developer/msbuild/2003">
  <ItemGroup>
    <Filter Include="ソース ファイル">
      <UniqueIdentifier>{4FC737F1-C7A5-4376-A066-2A32D752A2FF}</UniqueIdentifier>
      <Extensions>cpp;c;cc;cxx;c++;cppm;ixx;def;odl;idl;hpj;bat;asm;asmx</Extensions>
    </Filter>
    <Filter Include="ヘッダー ファイル">
      <UniqueIdentifier>{93995380-89BD-4b04-88EB-625FBE52EBFB}</UniqueIdentifier>
      <Extensions>h;hh;hpp;hxx;h++;hm;inl;inc;ipp;xsd</Extensions>
    </Filter>
    <Filter Include="リソース ファイル">
      <UniqueIdentifier>{67DA6AB6-F800-4c08-8B7A-83BB121AAD01}</UniqueIdentifier>
      <Extensions>rc;ico;cur;bmp;dlg;rc2;rct;bin;rgs;gif;jpg;jpeg;jpe;resx;tiff;tif;png;wav;mfcribbon-ms</Extensions>
    </Filter>
    <Filter Include="imgui">
      <UniqueIdentifier>{de365176-a23e-4aa1-b692-75dc75ada7eb}</UniqueIdentifier>
    </Filter>
    <Filter Include="functions">
      <UniqueIdentifier>{d4ba2a51-2d9b-4adf-b9e8-66fd5ef268cf}</UniqueIdentifier>
    </Filter>
    <Filter Include="definition">
      <UniqueIdentifier>{2d11e023-36d8-40a2-a5cd-ac9aef762785}</UniqueIdentifier>
    </Filter>
    <Filter Include="DirectXManager">
      <UniqueIdentifier>{22ffd2e0-0bae-47c8-b104-4729f9332def}</UniqueIdentifier>
    </Filter>
    <Filter Include="Game">
      <UniqueIdentifier>{24c1e14d-3c15-48b9-9b53-6d5405a3ce02}</UniqueIdentifier>
    </Filter>
    <Filter Include="WindowManager">
      <UniqueIdentifier>{a6f0f6c9-5841-4611-a8f4-25d2974af7b1}</UniqueIdentifier>
    </Filter>
    <Filter Include="CameraController">
      <UniqueIdentifier>{8119ccfa-d6ad-4af0-83e5-034de74534f5}</UniqueIdentifier>
    </Filter>
    <Filter Include="GetHitKey">
      <UniqueIdentifier>{aa632014-e276-40cd-b8d2-109d728ee4ef}</UniqueIdentifier>
    </Filter>
    <Filter Include="MouseController">
      <UniqueIdentifier>{2dff2682-3b8b-491d-96a6-d1df4709d6a1}</UniqueIdentifier>
    </Filter>
    <Filter Include="Easings">
      <UniqueIdentifier>{5ce197b2-ab89-4348-961a-ba97c01444f9}</UniqueIdentifier>
    </Filter>
    <Filter Include="AudioManager">
      <UniqueIdentifier>{d6981e3b-9d2e-4acf-aaf3-0a1a631f2860}</UniqueIdentifier>
    </Filter>
    <Filter Include="DirectXManager\DeviceManager">
      <UniqueIdentifier>{4ba5f70c-f353-4256-9a1e-edf4997f4439}</UniqueIdentifier>
    </Filter>
    <Filter Include="DirectXManager\CommandContextManager">
      <UniqueIdentifier>{54925815-6ffb-4240-be73-f394010b765b}</UniqueIdentifier>
    </Filter>
    <Filter Include="DirectXManager\SwapChainManager">
      <UniqueIdentifier>{56021724-6ea3-49c5-be4a-63c96ae01e72}</UniqueIdentifier>
    </Filter>
    <Filter Include="DirectXManager\DepthStencilManager">
      <UniqueIdentifier>{d1b66a19-8be3-4ce5-81e5-1cc183c0b2d4}</UniqueIdentifier>
    </Filter>
    <Filter Include="DirectXManager\PipelineStateManager">
      <UniqueIdentifier>{6dd3f47c-5319-43a0-bb64-8153594849a6}</UniqueIdentifier>
    </Filter>
    <Filter Include="DirectXManager\DescriptorHeapManager">
      <UniqueIdentifier>{3d34e5a9-1927-43e1-831c-2a1090e84234}</UniqueIdentifier>
    </Filter>
    <Filter Include="DirectXManager\SynchronizationManager">
      <UniqueIdentifier>{fea8c078-7dcd-4f48-b566-efea0a565046}</UniqueIdentifier>
    </Filter>
    <Filter Include="DirectXManager\ViewportScissorManager">
      <UniqueIdentifier>{ac55dbcf-ddc4-45ce-9371-582fc7ac92a3}</UniqueIdentifier>
    </Filter>
    <Filter Include="TextureManager">
      <UniqueIdentifier>{ed7ac647-ed94-43e8-abdb-459374cc9331}</UniqueIdentifier>
    </Filter>
  </ItemGroup>
  <ItemGroup>
    <ClCompile Include="main.cpp">
      <Filter>ソース ファイル</Filter>
    </ClCompile>
    <ClCompile Include="externals\imgui\imgui.cpp">
      <Filter>imgui</Filter>
    </ClCompile>
    <ClCompile Include="externals\imgui\imgui_demo.cpp">
      <Filter>imgui</Filter>
    </ClCompile>
    <ClCompile Include="externals\imgui\imgui_draw.cpp">
      <Filter>imgui</Filter>
    </ClCompile>
    <ClCompile Include="externals\imgui\imgui_impl_dx12.cpp">
      <Filter>imgui</Filter>
    </ClCompile>
    <ClCompile Include="externals\imgui\imgui_impl_win32.cpp">
      <Filter>imgui</Filter>
    </ClCompile>
    <ClCompile Include="externals\imgui\imgui_tables.cpp">
      <Filter>imgui</Filter>
    </ClCompile>
    <ClCompile Include="externals\imgui\imgui_widgets.cpp">
      <Filter>imgui</Filter>
    </ClCompile>
    <ClCompile Include="functions.cpp">
      <Filter>functions</Filter>
    </ClCompile>
    <ClCompile Include="DirectXManager.cpp">
      <Filter>DirectXManager</Filter>
    </ClCompile>
    <ClCompile Include="Game.cpp">
      <Filter>Game</Filter>
    </ClCompile>
    <ClCompile Include="WindowManager.cpp">
      <Filter>WindowManager</Filter>
    </ClCompile>
    <ClCompile Include="CameraController.cpp">
      <Filter>CameraController</Filter>
    </ClCompile>
    <ClCompile Include="GetHitKey.cpp">
      <Filter>GetHitKey</Filter>
    </ClCompile>
    <ClCompile Include="MouseController.cpp">
      <Filter>MouseController</Filter>
    </ClCompile>
    <ClCompile Include="Easings.cpp">
      <Filter>Easings</Filter>
    </ClCompile>
    <ClCompile Include="AudioManager.cpp">
      <Filter>AudioManager</Filter>
    </ClCompile>
    <ClCompile Include="DeviceManager.cpp">
      <Filter>DirectXManager\DeviceManager</Filter>
    </ClCompile>
    <ClCompile Include="CommandContextManager.cpp">
      <Filter>DirectXManager\CommandContextManager</Filter>
    </ClCompile>
    <ClCompile Include="SwapChainManager.cpp">
      <Filter>DirectXManager\SwapChainManager</Filter>
    </ClCompile>
    <ClCompile Include="DepthStencilManager.cpp">
      <Filter>DirectXManager\DepthStencilManager</Filter>
    </ClCompile>
    <ClCompile Include="PipelineStateManager.cpp">
      <Filter>DirectXManager\PipelineStateManager</Filter>
    </ClCompile>
    <ClCompile Include="DescriptorHeapManager.cpp">
      <Filter>DirectXManager\DescriptorHeapManager</Filter>
    </ClCompile>
    <ClCompile Include="SynchronizationManager.cpp">
      <Filter>DirectXManager\SynchronizationManager</Filter>
    </ClCompile>
    <ClCompile Include="ViewportScissorManager.cpp">
      <Filter>DirectXManager\ViewportScissorManager</Filter>
    </ClCompile>
    <ClCompile Include="TextureManager.cpp">
      <Filter>TextureManager</Filter>
    </ClCompile>
  </ItemGroup>
  <ItemGroup>
    <FxCompile Include="Object3d.VS.hlsl" />
    <FxCompile Include="Object3d.PS.hlsl" />
  </ItemGroup>
  <ItemGroup>
    <ClInclude Include="externals\imgui\imconfig.h">
      <Filter>imgui</Filter>
    </ClInclude>
    <ClInclude Include="externals\imgui\imgui.h">
      <Filter>imgui</Filter>
    </ClInclude>
    <ClInclude Include="externals\imgui\imgui_impl_dx12.h">
      <Filter>imgui</Filter>
    </ClInclude>
    <ClInclude Include="externals\imgui\imgui_impl_win32.h">
      <Filter>imgui</Filter>
    </ClInclude>
    <ClInclude Include="externals\imgui\imgui_internal.h">
      <Filter>imgui</Filter>
    </ClInclude>
    <ClInclude Include="externals\imgui\imstb_rectpack.h">
      <Filter>imgui</Filter>
    </ClInclude>
    <ClInclude Include="externals\imgui\imstb_textedit.h">
      <Filter>imgui</Filter>
    </ClInclude>
    <ClInclude Include="externals\imgui\imstb_truetype.h">
      <Filter>imgui</Filter>
    </ClInclude>
    <ClInclude Include="functions.h">
      <Filter>functions</Filter>
    </ClInclude>
    <ClInclude Include="definition.h">
      <Filter>definition</Filter>
    </ClInclude>
    <ClInclude Include="DirectXManager.h">
      <Filter>DirectXManager</Filter>
    </ClInclude>
    <ClInclude Include="Game.h">
      <Filter>Game</Filter>
    </ClInclude>
    <ClInclude Include="WindowManager.h">
      <Filter>WindowManager</Filter>
    </ClInclude>
    <ClInclude Include="CameraController.h">
      <Filter>CameraController</Filter>
    </ClInclude>
    <ClInclude Include="GetHitKey.h">
      <Filter>GetHitKey</Filter>
    </ClInclude>
    <ClInclude Include="MouseController.h">
      <Filter>MouseController</Filter>
    </ClInclude>
    <ClInclude Include="Easings.h">
      <Filter>Easings</Filter>
    </ClInclude>
    <ClInclude Include="AudioManager.h">
      <Filter>AudioManager</Filter>
    </ClInclude>
    <ClInclude Include="DeviceManager.h">
      <Filter>DirectXManager\DeviceManager</Filter>
    </ClInclude>
    <ClInclude Include="CommandContextManager.h">
      <Filter>DirectXManager\CommandContextManager</Filter>
    </ClInclude>
    <ClInclude Include="SwapChainManager.h">
      <Filter>DirectXManager\SwapChainManager</Filter>
    </ClInclude>
    <ClInclude Include="DepthStencilManager.h">
      <Filter>DirectXManager\DepthStencilManager</Filter>
    </ClInclude>
    <ClInclude Include="PipelineStateManager.h">
      <Filter>DirectXManager\PipelineStateManager</Filter>
    </ClInclude>
    <ClInclude Include="DescriptorHeapManager.h">
      <Filter>DirectXManager\DescriptorHeapManager</Filter>
    </ClInclude>
    <ClInclude Include="SynchronizationManager.h">
      <Filter>DirectXManager\SynchronizationManager</Filter>
    </ClInclude>
    <ClInclude Include="ViewportScissorManager.h">
      <Filter>DirectXManager\ViewportScissorManager</Filter>
    </ClInclude>
    <ClInclude Include="TextureManager.h">
      <Filter>TextureManager</Filter>
    </ClInclude>
  </ItemGroup>
  <ItemGroup>
    <Text Include="externals\imgui\LICENSE.txt">
      <Filter>imgui</Filter>
    </Text>
  </ItemGroup>
  <ItemGroup>
    <None Include="Object3d.hlsli" />
  </ItemGroup>
</Project>