<Project ToolsVersion="4.0" xmlns="http://schemas.microsoft.com/developer/msbuild/2003">
  <ItemGroup>
    <Filter Include="externals">
      <UniqueIdentifier>{ee611edb-4ab5-49fb-827a-684761b26392}</UniqueIdentifier>
    </Filter>
    <Filter Include="externals\DirectXTex">
      <UniqueIdentifier>{e30b73e9-d871-4b81-8171-9a763df10a34}</UniqueIdentifier>
    </Filter>
    <Filter Include="externals\imgui">
      <UniqueIdentifier>{7ee40e0b-6cdc-4944-9394-b235a8ad1400}</UniqueIdentifier>
    </Filter>
    <Filter Include="externals\nlohmann">
      <UniqueIdentifier>{fc76b112-ec99-4074-ae26-39a169d24a3b}</UniqueIdentifier>
    </Filter>
    <Filter Include="externals\Shigemori">
      <UniqueIdentifier>{f3071f9f-28f0-4ed7-ab1d-ad699a65fe5b}</UniqueIdentifier>
    </Filter>
    <Filter Include="externals\Shigemori\Binary">
      <UniqueIdentifier>{ca58cf0e-eb29-4664-adeb-1e9693fefb58}</UniqueIdentifier>
    </Filter>
    <Filter Include="externals\Shigemori\Binary\Data">
      <UniqueIdentifier>{3a652a93-b501-49ab-abaa-7d4f3c485c7a}</UniqueIdentifier>
    </Filter>
    <Filter Include="src">
      <UniqueIdentifier>{eda85f61-a079-44db-92a7-aa6978f487bd}</UniqueIdentifier>
    </Filter>
    <Filter Include="src\application">
      <UniqueIdentifier>{d6efc79b-6f3c-409b-b63c-2655fc8dc3d2}</UniqueIdentifier>
    </Filter>
    <Filter Include="src\application\Camera">
      <UniqueIdentifier>{3a9426f8-0837-4013-b4b2-378a87d113b1}</UniqueIdentifier>
    </Filter>
    <Filter Include="src\application\Character">
      <UniqueIdentifier>{ab5d2ef5-a9cd-4127-b342-5b3c687c2875}</UniqueIdentifier>
    </Filter>
    <Filter Include="src\application\Character\Enemy">
      <UniqueIdentifier>{de590e87-083a-4f89-938a-1af8ed4ca2a5}</UniqueIdentifier>
    </Filter>
    <Filter Include="src\application\Character\Player">
      <UniqueIdentifier>{75b711e0-a1fa-4ce2-ad61-daf7706f5dc3}</UniqueIdentifier>
    </Filter>
    <Filter Include="src\application\GameManager">
      <UniqueIdentifier>{e621586a-20a9-44e8-9256-5758618be24b}</UniqueIdentifier>
    </Filter>
    <Filter Include="src\application\GameManager\Phase">
      <UniqueIdentifier>{10a5dc3b-b5ba-45b1-b24a-dea898d88ce2}</UniqueIdentifier>
    </Filter>
    <Filter Include="src\application\GameManager\Phase\BattlePhase">
      <UniqueIdentifier>{cbfe1fff-2d2b-4408-9709-5a9cc2ea6fa4}</UniqueIdentifier>
    </Filter>
    <Filter Include="src\application\GameManager\Phase\GameScenePhase">
      <UniqueIdentifier>{085d64f8-4383-494b-9047-9aab89dd73da}</UniqueIdentifier>
    </Filter>
    <Filter Include="src\application\GameManager\Phase\PhaseParent">
      <UniqueIdentifier>{a5825cef-b129-47ac-93ec-cf01f90df411}</UniqueIdentifier>
    </Filter>
    <Filter Include="src\application\GameManager\Phase\TestPhase">
      <UniqueIdentifier>{3c8d2f78-2927-4036-960a-a03d4fbef0f0}</UniqueIdentifier>
    </Filter>
    <Filter Include="src\application\GameManager\Phase\TitlePhase">
      <UniqueIdentifier>{d1c9d628-a5cd-44f9-9e23-556a59a0a35f}</UniqueIdentifier>
    </Filter>
    <Filter Include="src\application\Item">
      <UniqueIdentifier>{b6056455-ed9a-4c71-a286-4c55d720bb6f}</UniqueIdentifier>
    </Filter>
    <Filter Include="src\application\Item\CraftRecipe">
      <UniqueIdentifier>{c09c552c-3567-4ecb-beec-ae1686dcc4a7}</UniqueIdentifier>
    </Filter>
    <Filter Include="src\application\Item\DropItem">
      <UniqueIdentifier>{8c35ccf5-9479-4019-acc6-42621424beac}</UniqueIdentifier>
    </Filter>
    <Filter Include="src\application\Item\HaveItem">
      <UniqueIdentifier>{5a677b77-4e2d-4ee1-a9bc-885771f011ce}</UniqueIdentifier>
    </Filter>
    <Filter Include="src\application\MapManager">
      <UniqueIdentifier>{dbe4aa73-5ecf-402d-a739-ff588081559d}</UniqueIdentifier>
    </Filter>
    <Filter Include="src\application\MapManager\Chunk">
      <UniqueIdentifier>{2dfd1137-8b8d-4505-8d8d-8653512adbe5}</UniqueIdentifier>
    </Filter>
    <Filter Include="src\application\MapManager\Chunk\Block">
      <UniqueIdentifier>{333f446a-827d-4cfc-a9a6-b15460ff5707}</UniqueIdentifier>
    </Filter>
    <Filter Include="src\application\ResourceLoader">
      <UniqueIdentifier>{f65b3a9d-b465-42ba-9deb-c4cbcdff0705}</UniqueIdentifier>
    </Filter>
    <Filter Include="src\application\UIManager">
      <UniqueIdentifier>{d0e9a08a-14ad-49ff-9399-2cf7ae861edc}</UniqueIdentifier>
    </Filter>
    <Filter Include="src\application\UIManager\ScreenMode">
      <UniqueIdentifier>{1be1ce68-d118-45db-a463-ee7ef6468dce}</UniqueIdentifier>
    </Filter>
    <Filter Include="src\application\UIManager\ScreenMode\CraftScreen">
      <UniqueIdentifier>{fe821922-a229-49e0-a3d6-8c6bb896c8d6}</UniqueIdentifier>
    </Filter>
    <Filter Include="src\application\UIManager\ScreenMode\InventoryScreen">
      <UniqueIdentifier>{1b074490-5276-46b8-9402-cf06caa82779}</UniqueIdentifier>
    </Filter>
    <Filter Include="src\application\UIManager\ScreenMode\PauseScreen">
      <UniqueIdentifier>{5884947e-1d7d-4230-818f-199d1c5953c5}</UniqueIdentifier>
    </Filter>
    <Filter Include="src\application\UIManager\ScreenMode\PlayingScreen">
      <UniqueIdentifier>{2fb99394-2fdb-4d66-ab6d-199e15446506}</UniqueIdentifier>
    </Filter>
    <Filter Include="src\application\UIManager\ScreenMode\UIElement">
      <UniqueIdentifier>{8a384f6b-fc50-40e0-ad8f-dc880fc5db35}</UniqueIdentifier>
    </Filter>
    <Filter Include="src\application\UIManager\ScreenMode\UIElement\Craft">
      <UniqueIdentifier>{2685478f-3c94-495a-be7b-31443e5ea3f0}</UniqueIdentifier>
    </Filter>
    <Filter Include="src\application\UIManager\ScreenMode\UIElement\Hotbar">
      <UniqueIdentifier>{231e05e7-94bb-4286-baac-cd4241fade62}</UniqueIdentifier>
    </Filter>
    <Filter Include="src\application\UIManager\ScreenMode\UIElement\Inventory">
      <UniqueIdentifier>{1aac4d0e-b7cb-47e9-a6aa-9a832da52c06}</UniqueIdentifier>
    </Filter>
    <Filter Include="src\application\UIManager\ScreenMode\UIElement\Pause">
      <UniqueIdentifier>{31e846a1-6682-4143-ad43-f87709b472e6}</UniqueIdentifier>
    </Filter>
    <Filter Include="src\engine">
      <UniqueIdentifier>{0cdca727-4aee-40c4-b026-0f60c57e7cc9}</UniqueIdentifier>
    </Filter>
    <Filter Include="src\engine\Camera">
      <UniqueIdentifier>{d73b8b4b-9152-4dcc-b523-c82f2dbccf38}</UniqueIdentifier>
    </Filter>
    <Filter Include="src\engine\definition">
      <UniqueIdentifier>{5e469b4f-7466-403e-8ab0-4cff865102b3}</UniqueIdentifier>
    </Filter>
    <Filter Include="src\engine\DirectX">
      <UniqueIdentifier>{a8cb6dd7-951a-4d1d-a90b-d0195f49ad17}</UniqueIdentifier>
    </Filter>
    <Filter Include="src\engine\DirectX\DescriptorHeapManager">
      <UniqueIdentifier>{b1615337-d71f-43e3-8716-6141b1fd1749}</UniqueIdentifier>
    </Filter>
    <Filter Include="src\engine\DirectX\DescriptorHeapManager\CBV_SRV_UAV">
      <UniqueIdentifier>{98a8fdf5-4c49-4543-9ef1-e45e6df9c55a}</UniqueIdentifier>
    </Filter>
    <Filter Include="src\engine\DirectX\DescriptorHeapManager\DSV">
      <UniqueIdentifier>{0339afd6-8acc-42cb-b256-c0d29dd9e354}</UniqueIdentifier>
    </Filter>
    <Filter Include="src\engine\DirectX\DescriptorHeapManager\RTV">
      <UniqueIdentifier>{02f547c2-7e33-480b-a238-10b3598140c4}</UniqueIdentifier>
    </Filter>
    <Filter Include="src\engine\DirectX\FrameCbAllocator">
      <UniqueIdentifier>{2bf4b003-3ae7-48de-8389-be64cb17f8a6}</UniqueIdentifier>
    </Filter>
    <Filter Include="src\engine\DrawSystem">
      <UniqueIdentifier>{3ce306d2-8445-4482-93f2-7e5145b35bec}</UniqueIdentifier>
    </Filter>
    <Filter Include="src\engine\DrawSystem\RenderData">
      <UniqueIdentifier>{ec5e9bbe-3312-41a5-b6f8-3305d9dcea1a}</UniqueIdentifier>
    </Filter>
    <Filter Include="src\engine\Facade">
      <UniqueIdentifier>{45d644a6-02d6-406b-9b29-b88231769719}</UniqueIdentifier>
    </Filter>
    <Filter Include="src\engine\FixFPS">
      <UniqueIdentifier>{1bbd02a2-ba05-43c6-9ae9-ce2c45b0218f}</UniqueIdentifier>
    </Filter>
    <Filter Include="src\engine\ImGuiManager">
      <UniqueIdentifier>{fb2ec1ef-111b-4901-ba78-772da9e34c53}</UniqueIdentifier>
    </Filter>
    <Filter Include="src\engine\IO">
      <UniqueIdentifier>{01256b2b-22c9-45ca-a55a-de25e41a179e}</UniqueIdentifier>
    </Filter>
    <Filter Include="src\engine\Physics">
      <UniqueIdentifier>{6835f615-f0ae-4c6e-a0a2-4e9f82b192b9}</UniqueIdentifier>
    </Filter>
    <Filter Include="src\engine\Resource">
      <UniqueIdentifier>{98f85687-8d72-49b2-bc3a-2ddd53e9ed85}</UniqueIdentifier>
    </Filter>
    <Filter Include="src\engine\Resource\Audio">
      <UniqueIdentifier>{989d34ab-662a-4545-a7f2-48cdd96ab4f0}</UniqueIdentifier>
    </Filter>
    <Filter Include="src\engine\Resource\Model">
      <UniqueIdentifier>{73e22166-0427-41f4-b75e-a4a46ea8fb06}</UniqueIdentifier>
    </Filter>
    <Filter Include="src\engine\Resource\Texture">
      <UniqueIdentifier>{8bc3f57c-7756-497b-ac16-b5b0914e4ec3}</UniqueIdentifier>
    </Filter>
    <Filter Include="src\engine\Utilities">
      <UniqueIdentifier>{660b8705-7f77-4a8c-9049-e11bf8caceab}</UniqueIdentifier>
    </Filter>
    <Filter Include="src\engine\Utilities\Easing">
      <UniqueIdentifier>{0e8509ef-4a50-4da8-968c-493cabd6215f}</UniqueIdentifier>
    </Filter>
    <Filter Include="src\engine\Utilities\Json">
      <UniqueIdentifier>{3aa2871d-fb9c-45f2-ab66-d9dca1f7be28}</UniqueIdentifier>
    </Filter>
    <Filter Include="src\engine\Utilities\Logger">
      <UniqueIdentifier>{9488ab4e-8d78-4326-98cc-6c98c363e176}</UniqueIdentifier>
    </Filter>
    <Filter Include="src\engine\Window">
      <UniqueIdentifier>{347c24a2-18d1-4026-98ae-b24ad2c84515}</UniqueIdentifier>
    </Filter>
  </ItemGroup>
  <ItemGroup>
    <ClCompile Include="main.cpp" />
    <ClCompile Include="externals\Shigemori\Binary\BinaryManager.cpp">
      <Filter>externals\Shigemori\Binary</Filter>
    </ClCompile>
    <ClCompile Include="externals\Shigemori\Binary\Data\BinaryInput.cpp">
      <Filter>externals\Shigemori\Binary\Data</Filter>
    </ClCompile>
    <ClCompile Include="externals\Shigemori\Binary\Data\BinaryOutput.cpp">
      <Filter>externals\Shigemori\Binary\Data</Filter>
    </ClCompile>
    <ClCompile Include="src\application\Camera\CameraController.cpp">
      <Filter>src\application\Camera</Filter>
    </ClCompile>
    <ClCompile Include="src\application\Character\BaseCharacter.cpp">
      <Filter>src\application\Character</Filter>
    </ClCompile>
    <ClCompile Include="src\application\Character\Enemy\Enemy.cpp">
      <Filter>src\application\Character\Enemy</Filter>
    </ClCompile>
    <ClCompile Include="src\application\Character\Enemy\EnemyManager.cpp">
      <Filter>src\application\Character\Enemy</Filter>
    </ClCompile>
    <ClCompile Include="src\application\Character\Player\Player.cpp">
      <Filter>src\application\Character\Player</Filter>
    </ClCompile>
    <ClCompile Include="src\application\GameManager\GameManager.cpp">
      <Filter>src\application\GameManager</Filter>
    </ClCompile>
    <ClCompile Include="src\application\GameManager\Phase\BattlePhase\BattlePhase.cpp">
      <Filter>src\application\GameManager\Phase\BattlePhase</Filter>
    </ClCompile>
    <ClCompile Include="src\application\GameManager\Phase\GameScenePhase\GameScenePhase.cpp">
      <Filter>src\application\GameManager\Phase\GameScenePhase</Filter>
    </ClCompile>
    <ClCompile Include="src\application\GameManager\Phase\PhaseParent\PhaseParent.cpp">
      <Filter>src\application\GameManager\Phase\PhaseParent</Filter>
    </ClCompile>
    <ClCompile Include="src\application\GameManager\Phase\TestPhase\TestPhase.cpp">
      <Filter>src\application\GameManager\Phase\TestPhase</Filter>
    </ClCompile>
    <ClCompile Include="src\application\GameManager\Phase\TitlePhase\TitlePhase.cpp">
      <Filter>src\application\GameManager\Phase\TitlePhase</Filter>
    </ClCompile>
    <ClCompile Include="src\application\Item\Item.cpp">
      <Filter>src\application\Item</Filter>
    </ClCompile>
    <ClCompile Include="src\application\Item\CraftRecipe\CraftRecipe.cpp">
      <Filter>src\application\Item\CraftRecipe</Filter>
    </ClCompile>
    <ClCompile Include="src\application\Item\DropItem\DropItem.cpp">
      <Filter>src\application\Item\DropItem</Filter>
    </ClCompile>
    <ClCompile Include="src\application\Item\DropItem\DropItemManager.cpp">
      <Filter>src\application\Item\DropItem</Filter>
    </ClCompile>
    <ClCompile Include="src\application\Item\HaveItem\HaveItem.cpp">
      <Filter>src\application\Item\HaveItem</Filter>
    </ClCompile>
    <ClCompile Include="src\application\MapManager\MapManager.cpp">
      <Filter>src\application\MapManager</Filter>
    </ClCompile>
    <ClCompile Include="src\application\MapManager\Chunk\Chunk.cpp">
      <Filter>src\application\MapManager\Chunk</Filter>
    </ClCompile>
    <ClCompile Include="src\application\MapManager\Chunk\Block\Block.cpp">
      <Filter>src\application\MapManager\Chunk\Block</Filter>
    </ClCompile>
    <ClCompile Include="src\application\MapManager\Chunk\Block\BlockConfig.cpp">
      <Filter>src\application\MapManager\Chunk\Block</Filter>
    </ClCompile>
    <ClCompile Include="src\application\MapManager\Chunk\Block\BlockDurability.cpp">
      <Filter>src\application\MapManager\Chunk\Block</Filter>
    </ClCompile>
    <ClCompile Include="src\application\ResourceLoader\ResourceID.cpp">
      <Filter>src\application\ResourceLoader</Filter>
    </ClCompile>
    <ClCompile Include="src\application\UIManager\UIManager.cpp">
      <Filter>src\application\UIManager</Filter>
    </ClCompile>
    <ClCompile Include="src\application\UIManager\ScreenMode\UIScreen.cpp">
      <Filter>src\application\UIManager\ScreenMode</Filter>
    </ClCompile>
    <ClCompile Include="src\application\UIManager\ScreenMode\CraftScreen\CraftScreen.cpp">
      <Filter>src\application\UIManager\ScreenMode\CraftScreen</Filter>
    </ClCompile>
    <ClCompile Include="src\application\UIManager\ScreenMode\InventoryScreen\InventoryScreen.cpp">
      <Filter>src\application\UIManager\ScreenMode\InventoryScreen</Filter>
    </ClCompile>
    <ClCompile Include="src\application\UIManager\ScreenMode\PauseScreen\PauseScreen.cpp">
      <Filter>src\application\UIManager\ScreenMode\PauseScreen</Filter>
    </ClCompile>
    <ClCompile Include="src\application\UIManager\ScreenMode\PlayingScreen\PlayingScreen.cpp">
      <Filter>src\application\UIManager\ScreenMode\PlayingScreen</Filter>
    </ClCompile>
    <ClCompile Include="src\application\UIManager\ScreenMode\UIElement\UIElement.cpp">
      <Filter>src\application\UIManager\ScreenMode\UIElement</Filter>
    </ClCompile>
    <ClCompile Include="src\application\UIManager\ScreenMode\UIElement\Craft\Craft.cpp">
      <Filter>src\application\UIManager\ScreenMode\UIElement\Craft</Filter>
    </ClCompile>
    <ClCompile Include="src\application\UIManager\ScreenMode\UIElement\Hotbar\Hotbar.cpp">
      <Filter>src\application\UIManager\ScreenMode\UIElement\Hotbar</Filter>
    </ClCompile>
    <ClCompile Include="src\application\UIManager\ScreenMode\UIElement\Inventory\Inventory.cpp">
      <Filter>src\application\UIManager\ScreenMode\UIElement\Inventory</Filter>
    </ClCompile>
    <ClCompile Include="src\application\UIManager\ScreenMode\UIElement\Pause\Pause.cpp">
      <Filter>src\application\UIManager\ScreenMode\UIElement\Pause</Filter>
    </ClCompile>
    <ClCompile Include="src\engine\Engine.cpp">
      <Filter>src\engine</Filter>
    </ClCompile>
    <ClCompile Include="src\engine\Camera\Camera.cpp">
      <Filter>src\engine\Camera</Filter>
    </ClCompile>
    <ClCompile Include="src\engine\Camera\CameraManager.cpp">
      <Filter>src\engine\Camera</Filter>
    </ClCompile>
    <ClCompile Include="src\engine\definition\definition.cpp">
      <Filter>src\engine\definition</Filter>
    </ClCompile>
    <ClCompile Include="src\engine\DirectX\CommandContextManager.cpp">
      <Filter>src\engine\DirectX</Filter>
    </ClCompile>
    <ClCompile Include="src\engine\DirectX\DepthStencilManager.cpp">
      <Filter>src\engine\DirectX</Filter>
    </ClCompile>
    <ClCompile Include="src\engine\DirectX\DeviceManager.cpp">
      <Filter>src\engine\DirectX</Filter>
    </ClCompile>
    <ClCompile Include="src\engine\DirectX\DirectXManager.cpp">
      <Filter>src\engine\DirectX</Filter>
    </ClCompile>
    <ClCompile Include="src\engine\DirectX\PipelineStateManager.cpp">
      <Filter>src\engine\DirectX</Filter>
    </ClCompile>
    <ClCompile Include="src\engine\DirectX\SwapChainManager.cpp">
      <Filter>src\engine\DirectX</Filter>
    </ClCompile>
    <ClCompile Include="src\engine\DirectX\SynchronizationManager.cpp">
      <Filter>src\engine\DirectX</Filter>
    </ClCompile>
    <ClCompile Include="src\engine\DirectX\ViewportScissorManager.cpp">
      <Filter>src\engine\DirectX</Filter>
    </ClCompile>
    <ClCompile Include="src\engine\DirectX\DescriptorHeapManager\DescriptorHeapManager.cpp">
      <Filter>src\engine\DirectX\DescriptorHeapManager</Filter>
    </ClCompile>
    <ClCompile Include="src\engine\DirectX\DescriptorHeapManager\CBV_SRV_UAV\CBV_SRV_UAVManager.cpp">
      <Filter>src\engine\DirectX\DescriptorHeapManager\CBV_SRV_UAV</Filter>
    </ClCompile>
    <ClCompile Include="src\engine\DirectX\DescriptorHeapManager\DSV\DSVManager.cpp">
      <Filter>src\engine\DirectX\DescriptorHeapManager\DSV</Filter>
    </ClCompile>
    <ClCompile Include="src\engine\DirectX\DescriptorHeapManager\RTV\RTVManager.cpp">
      <Filter>src\engine\DirectX\DescriptorHeapManager\RTV</Filter>
    </ClCompile>
    <ClCompile Include="src\engine\DirectX\FrameCbAllocator\FrameCbAllocator.cpp">
      <Filter>src\engine\DirectX\FrameCbAllocator</Filter>
    </ClCompile>
    <ClCompile Include="src\engine\DrawSystem\DrawSystem.cpp">
      <Filter>src\engine\DrawSystem</Filter>
    </ClCompile>
    <ClCompile Include="src\engine\DrawSystem\RenderData\RenderData.cpp">
      <Filter>src\engine\DrawSystem\RenderData</Filter>
    </ClCompile>
    <ClCompile Include="src\engine\DrawSystem\RenderData\RenderObject.cpp">
      <Filter>src\engine\DrawSystem\RenderData</Filter>
    </ClCompile>
    <ClCompile Include="src\engine\Facade\Game.cpp">
      <Filter>src\engine\Facade</Filter>
    </ClCompile>
    <ClCompile Include="src\engine\FixFPS\FixFPS.cpp">
      <Filter>src\engine\FixFPS</Filter>
    </ClCompile>
    <ClCompile Include="src\engine\ImGuiManager\ImGuiManager.cpp">
      <Filter>src\engine\ImGuiManager</Filter>
    </ClCompile>
    <ClCompile Include="src\engine\IO\GetHitKey.cpp">
      <Filter>src\engine\IO</Filter>
    </ClCompile>
    <ClCompile Include="src\engine\IO\GetPadState.cpp">
      <Filter>src\engine\IO</Filter>
    </ClCompile>
    <ClCompile Include="src\engine\IO\IOManager.cpp">
      <Filter>src\engine\IO</Filter>
    </ClCompile>
    <ClCompile Include="src\engine\IO\MouseController.cpp">
      <Filter>src\engine\IO</Filter>
    </ClCompile>
    <ClCompile Include="src\engine\Physics\IPhysicsBody.cpp">
      <Filter>src\engine\Physics</Filter>
    </ClCompile>
    <ClCompile Include="src\engine\Physics\IWorldCollider.cpp">
      <Filter>src\engine\Physics</Filter>
    </ClCompile>
    <ClCompile Include="src\engine\Physics\MapWorldCollider.cpp">
      <Filter>src\engine\Physics</Filter>
    </ClCompile>
    <ClCompile Include="src\engine\Physics\PhysicsSystem.cpp">
      <Filter>src\engine\Physics</Filter>
    </ClCompile>
    <ClCompile Include="src\engine\Resource\ResourceManager.cpp">
      <Filter>src\engine\Resource</Filter>
    </ClCompile>
    <ClCompile Include="src\engine\Resource\Audio\AudioManager.cpp">
      <Filter>src\engine\Resource\Audio</Filter>
    </ClCompile>
    <ClCompile Include="src\engine\Resource\Model\ModelManager.cpp">
      <Filter>src\engine\Resource\Model</Filter>
    </ClCompile>
    <ClCompile Include="src\engine\Resource\Texture\TextureManager.cpp">
      <Filter>src\engine\Resource\Texture</Filter>
    </ClCompile>
    <ClCompile Include="src\engine\Utilities\functions.cpp">
      <Filter>src\engine\Utilities</Filter>
    </ClCompile>
    <ClCompile Include="src\engine\Utilities\PerlinNoise.cpp">
      <Filter>src\engine\Utilities</Filter>
    </ClCompile>
    <ClCompile Include="src\engine\Utilities\SimpleModelBody.cpp">
      <Filter>src\engine\Utilities</Filter>
    </ClCompile>
    <ClCompile Include="src\engine\Utilities\Easing\Easings.cpp">
      <Filter>src\engine\Utilities\Easing</Filter>
    </ClCompile>
    <ClCompile Include="src\engine\Utilities\Json\JsonManager.cpp">
      <Filter>src\engine\Utilities\Json</Filter>
    </ClCompile>
    <ClCompile Include="src\engine\Utilities\Logger\Logger.cpp">
      <Filter>src\engine\Utilities\Logger</Filter>
    </ClCompile>
    <ClCompile Include="src\engine\Window\WindowManager.cpp">
      <Filter>src\engine\Window</Filter>
    </ClCompile>
    <ClCompile Include="src\engine\DirectX\Resource\Dx12ResourceFactory.cpp" />
    <ClCompile Include="src\engine\DirectX\View\Dx12ViewFactory.cpp" />
  </ItemGroup>
  <ItemGroup>
    <ClInclude Include="externals\Shigemori\Binary\BinaryManager.h">
      <Filter>externals\Shigemori\Binary</Filter>
    </ClInclude>
    <ClInclude Include="externals\Shigemori\Binary\Data\BinaryInput.h">
      <Filter>externals\Shigemori\Binary\Data</Filter>
    </ClInclude>
    <ClInclude Include="externals\Shigemori\Binary\Data\BinaryOutput.h">
      <Filter>externals\Shigemori\Binary\Data</Filter>
    </ClInclude>
    <ClInclude Include="externals\Shigemori\Binary\Data\Value.h">
      <Filter>externals\Shigemori\Binary\Data</Filter>
    </ClInclude>
    <ClInclude Include="src\application\Camera\CameraController.h">
      <Filter>src\application\Camera</Filter>
    </ClInclude>
    <ClInclude Include="src\application\Character\BaseCharacter.h">
      <Filter>src\application\Character</Filter>
    </ClInclude>
    <ClInclude Include="src\application\Character\Enemy\Enemy.h">
      <Filter>src\application\Character\Enemy</Filter>
    </ClInclude>
    <ClInclude Include="src\application\Character\Enemy\EnemyManager.h">
      <Filter>src\application\Character\Enemy</Filter>
    </ClInclude>
    <ClInclude Include="src\application\Character\Player\Player.h">
      <Filter>src\application\Character\Player</Filter>
    </ClInclude>
    <ClInclude Include="src\application\GameManager\GameManager.h">
      <Filter>src\application\GameManager</Filter>
    </ClInclude>
    <ClInclude Include="src\application\GameManager\Phase\BattlePhase\BattlePhase.h">
      <Filter>src\application\GameManager\Phase\BattlePhase</Filter>
    </ClInclude>
    <ClInclude Include="src\application\GameManager\Phase\GameScenePhase\GameScenePhase.h">
      <Filter>src\application\GameManager\Phase\GameScenePhase</Filter>
    </ClInclude>
    <ClInclude Include="src\application\GameManager\Phase\PhaseParent\PhaseParent.h">
      <Filter>src\application\GameManager\Phase\PhaseParent</Filter>
    </ClInclude>
    <ClInclude Include="src\application\GameManager\Phase\TestPhase\TestPhase.h">
      <Filter>src\application\GameManager\Phase\TestPhase</Filter>
    </ClInclude>
    <ClInclude Include="src\application\GameManager\Phase\TitlePhase\TitlePhase.h">
      <Filter>src\application\GameManager\Phase\TitlePhase</Filter>
    </ClInclude>
    <ClInclude Include="src\application\Item\Item.h">
      <Filter>src\application\Item</Filter>
    </ClInclude>
    <ClInclude Include="src\application\Item\CraftRecipe\CraftRecipe.h">
      <Filter>src\application\Item\CraftRecipe</Filter>
    </ClInclude>
    <ClInclude Include="src\application\Item\DropItem\DropItem.h">
      <Filter>src\application\Item\DropItem</Filter>
    </ClInclude>
    <ClInclude Include="src\application\Item\DropItem\DropItemManager.h">
      <Filter>src\application\Item\DropItem</Filter>
    </ClInclude>
    <ClInclude Include="src\application\Item\HaveItem\HaveItem.h">
      <Filter>src\application\Item\HaveItem</Filter>
    </ClInclude>
    <ClInclude Include="src\application\MapManager\MapManager.h">
      <Filter>src\application\MapManager</Filter>
    </ClInclude>
    <ClInclude Include="src\application\MapManager\Chunk\Chunk.h">
      <Filter>src\application\MapManager\Chunk</Filter>
    </ClInclude>
    <ClInclude Include="src\application\MapManager\Chunk\Block\Block.h">
      <Filter>src\application\MapManager\Chunk\Block</Filter>
    </ClInclude>
    <ClInclude Include="src\application\MapManager\Chunk\Block\BlockConfig.h">
      <Filter>src\application\MapManager\Chunk\Block</Filter>
    </ClInclude>
    <ClInclude Include="src\application\MapManager\Chunk\Block\BlockDurability.h">
      <Filter>src\application\MapManager\Chunk\Block</Filter>
    </ClInclude>
    <ClInclude Include="src\application\ResourceLoader\ResourceID.h">
      <Filter>src\application\ResourceLoader</Filter>
    </ClInclude>
    <ClInclude Include="src\application\UIManager\UIManager.h">
      <Filter>src\application\UIManager</Filter>
    </ClInclude>
    <ClInclude Include="src\application\UIManager\ScreenMode\UIScreen.h">
      <Filter>src\application\UIManager\ScreenMode</Filter>
    </ClInclude>
    <ClInclude Include="src\application\UIManager\ScreenMode\CraftScreen\CraftScreen.h">
      <Filter>src\application\UIManager\ScreenMode\CraftScreen</Filter>
    </ClInclude>
    <ClInclude Include="src\application\UIManager\ScreenMode\InventoryScreen\InventoryScreen.h">
      <Filter>src\application\UIManager\ScreenMode\InventoryScreen</Filter>
    </ClInclude>
    <ClInclude Include="src\application\UIManager\ScreenMode\PauseScreen\PauseScreen.h">
      <Filter>src\application\UIManager\ScreenMode\PauseScreen</Filter>
    </ClInclude>
    <ClInclude Include="src\application\UIManager\ScreenMode\PlayingScreen\PlayingScreen.h">
      <Filter>src\application\UIManager\ScreenMode\PlayingScreen</Filter>
    </ClInclude>
    <ClInclude Include="src\application\UIManager\ScreenMode\UIElement\UIElement.h">
      <Filter>src\application\UIManager\ScreenMode\UIElement</Filter>
    </ClInclude>
    <ClInclude Include="src\application\UIManager\ScreenMode\UIElement\Craft\Craft.h">
      <Filter>src\application\UIManager\ScreenMode\UIElement\Craft</Filter>
    </ClInclude>
    <ClInclude Include="src\application\UIManager\ScreenMode\UIElement\Hotbar\Hotbar.h">
      <Filter>src\application\UIManager\ScreenMode\UIElement\Hotbar</Filter>
    </ClInclude>
    <ClInclude Include="src\application\UIManager\ScreenMode\UIElement\Inventory\Inventory.h">
      <Filter>src\application\UIManager\ScreenMode\UIElement\Inventory</Filter>
    </ClInclude>
    <ClInclude Include="src\application\UIManager\ScreenMode\UIElement\Pause\Pause.h">
      <Filter>src\application\UIManager\ScreenMode\UIElement\Pause</Filter>
    </ClInclude>
    <ClInclude Include="src\engine\Engine.h">
      <Filter>src\engine</Filter>
    </ClInclude>
    <ClInclude Include="src\engine\Camera\Camera.h">
      <Filter>src\engine\Camera</Filter>
    </ClInclude>
    <ClInclude Include="src\engine\Camera\CameraManager.h">
      <Filter>src\engine\Camera</Filter>
    </ClInclude>
    <ClInclude Include="src\engine\definition\definition.h">
      <Filter>src\engine\definition</Filter>
    </ClInclude>
    <ClInclude Include="src\engine\DirectX\CommandContextManager.h">
      <Filter>src\engine\DirectX</Filter>
    </ClInclude>
    <ClInclude Include="src\engine\DirectX\DepthStencilManager.h">
      <Filter>src\engine\DirectX</Filter>
    </ClInclude>
    <ClInclude Include="src\engine\DirectX\DeviceManager.h">
      <Filter>src\engine\DirectX</Filter>
    </ClInclude>
    <ClInclude Include="src\engine\DirectX\DirectXManager.h">
      <Filter>src\engine\DirectX</Filter>
    </ClInclude>
    <ClInclude Include="src\engine\DirectX\PipelineStateManager.h">
      <Filter>src\engine\DirectX</Filter>
    </ClInclude>
    <ClInclude Include="src\engine\DirectX\SwapChainManager.h">
      <Filter>src\engine\DirectX</Filter>
    </ClInclude>
    <ClInclude Include="src\engine\DirectX\SynchronizationManager.h">
      <Filter>src\engine\DirectX</Filter>
    </ClInclude>
    <ClInclude Include="src\engine\DirectX\ViewportScissorManager.h">
      <Filter>src\engine\DirectX</Filter>
    </ClInclude>
    <ClInclude Include="src\engine\DirectX\DescriptorHeapManager\DescriptorHeapManager.h">
      <Filter>src\engine\DirectX\DescriptorHeapManager</Filter>
    </ClInclude>
    <ClInclude Include="src\engine\DirectX\DescriptorHeapManager\CBV_SRV_UAV\CBV_SRV_UAVManager.h">
      <Filter>src\engine\DirectX\DescriptorHeapManager\CBV_SRV_UAV</Filter>
    </ClInclude>
    <ClInclude Include="src\engine\DirectX\DescriptorHeapManager\DSV\DSVManager.h">
      <Filter>src\engine\DirectX\DescriptorHeapManager\DSV</Filter>
    </ClInclude>
    <ClInclude Include="src\engine\DirectX\DescriptorHeapManager\RTV\RTVManager.h">
      <Filter>src\engine\DirectX\DescriptorHeapManager\RTV</Filter>
    </ClInclude>
    <ClInclude Include="src\engine\DirectX\FrameCbAllocator\FrameCbAllocator.h">
      <Filter>src\engine\DirectX\FrameCbAllocator</Filter>
    </ClInclude>
    <ClInclude Include="src\engine\DrawSystem\DrawSystem.h">
      <Filter>src\engine\DrawSystem</Filter>
    </ClInclude>
    <ClInclude Include="src\engine\DrawSystem\RenderData\RenderData.h">
      <Filter>src\engine\DrawSystem\RenderData</Filter>
    </ClInclude>
    <ClInclude Include="src\engine\DrawSystem\RenderData\RenderObject.h">
      <Filter>src\engine\DrawSystem\RenderData</Filter>
    </ClInclude>
    <ClInclude Include="src\engine\Facade\Game.h">
      <Filter>src\engine\Facade</Filter>
    </ClInclude>
    <ClInclude Include="src\engine\FixFPS\FixFPS.h">
      <Filter>src\engine\FixFPS</Filter>
    </ClInclude>
    <ClInclude Include="src\engine\ImGuiManager\ImGuiManager.h">
      <Filter>src\engine\ImGuiManager</Filter>
    </ClInclude>
    <ClInclude Include="src\engine\IO\GetHitKey.h">
      <Filter>src\engine\IO</Filter>
    </ClInclude>
    <ClInclude Include="src\engine\IO\GetPadState.h">
      <Filter>src\engine\IO</Filter>
    </ClInclude>
    <ClInclude Include="src\engine\IO\IOManager.h">
      <Filter>src\engine\IO</Filter>
    </ClInclude>
    <ClInclude Include="src\engine\IO\MouseController.h">
      <Filter>src\engine\IO</Filter>
    </ClInclude>
    <ClInclude Include="src\engine\Physics\IPhysicsBody.h">
      <Filter>src\engine\Physics</Filter>
    </ClInclude>
    <ClInclude Include="src\engine\Physics\IWorldCollider.h">
      <Filter>src\engine\Physics</Filter>
    </ClInclude>
    <ClInclude Include="src\engine\Physics\MapWorldCollider.h">
      <Filter>src\engine\Physics</Filter>
    </ClInclude>
    <ClInclude Include="src\engine\Physics\PhysicsSystem.h">
      <Filter>src\engine\Physics</Filter>
    </ClInclude>
    <ClInclude Include="src\engine\Resource\ResourceManager.h">
      <Filter>src\engine\Resource</Filter>
    </ClInclude>
    <ClInclude Include="src\engine\Resource\Audio\AudioManager.h">
      <Filter>src\engine\Resource\Audio</Filter>
    </ClInclude>
    <ClInclude Include="src\engine\Resource\Model\ModelManager.h">
      <Filter>src\engine\Resource\Model</Filter>
    </ClInclude>
    <ClInclude Include="src\engine\Resource\Texture\TextureManager.h">
      <Filter>src\engine\Resource\Texture</Filter>
    </ClInclude>
    <ClInclude Include="src\engine\Utilities\functions.h">
      <Filter>src\engine\Utilities</Filter>
    </ClInclude>
    <ClInclude Include="src\engine\Utilities\PerlinNoise.h">
      <Filter>src\engine\Utilities</Filter>
    </ClInclude>
    <ClInclude Include="src\engine\Utilities\SimpleModelBody.h">
      <Filter>src\engine\Utilities</Filter>
    </ClInclude>
    <ClInclude Include="src\engine\Utilities\Easing\Easings.h">
      <Filter>src\engine\Utilities\Easing</Filter>
    </ClInclude>
    <ClInclude Include="src\engine\Utilities\Json\JsonManager.h">
      <Filter>src\engine\Utilities\Json</Filter>
    </ClInclude>
    <ClInclude Include="src\engine\Utilities\Logger\Logger.h">
      <Filter>src\engine\Utilities\Logger</Filter>
    </ClInclude>
    <ClInclude Include="src\engine\Window\WindowManager.h">
      <Filter>src\engine\Window</Filter>
    </ClInclude>
    <ClInclude Include="src\engine\DirectX\Resource\Dx12ResourceFactory.h" />
    <ClInclude Include="src\engine\DirectX\View\Dx12ViewFactory.h" />
    <ClInclude Include="src\engine\DirectX\Pipeline\RenderPipelineTypes.h" />
  </ItemGroup>
  <ItemGroup>
    <Text Include="externals\imgui\LICENSE.txt" />
  </ItemGroup>
</Project>